
Microsoft Visual Studio Solution File, Format Version 12.00
# Visual Studio 15
VisualStudioVersion = 15.0.27004.2002
MinimumVisualStudioVersion = 10.0.40219.1
Project("{FAE04EC0-301F-11D3-BF4B-00C04F79EFBC}") = "MovieDatabase", "MovieDatabase\MovieDatabase.csproj", "{4CD0C58C-BBBB-4411-B43C-F39BF2200883}"
EndProject
Project("{FAE04EC0-301F-11D3-BF4B-00C04F79EFBC}") = "MovieDBTest", "MovieDBTest\MovieDBTest.csproj", "{B0CCCA34-BEAA-4313-AC80-52662A8B857A}"
EndProject
Global
	GlobalSection(SolutionConfigurationPlatforms) = preSolution
		Debug|Any CPU = Debug|Any CPU
		Release|Any CPU = Release|Any CPU
	EndGlobalSection
	GlobalSection(ProjectConfigurationPlatforms) = postSolution
		{4CD0C58C-BBBB-4411-B43C-F39BF2200883}.Debug|Any CPU.ActiveCfg = Debug|Any CPU
		{4CD0C58C-BBBB-4411-B43C-F39BF2200883}.Debug|Any CPU.Build.0 = Debug|Any CPU
		{4CD0C58C-BBBB-4411-B43C-F39BF2200883}.Release|Any CPU.ActiveCfg = Release|Any CPU
		{4CD0C58C-BBBB-4411-B43C-F39BF2200883}.Release|Any CPU.Build.0 = Release|Any CPU
		{B0CCCA34-BEAA-4313-AC80-52662A8B857A}.Debug|Any CPU.ActiveCfg = Debug|Any CPU
		{B0CCCA34-BEAA-4313-AC80-52662A8B857A}.Debug|Any CPU.Build.0 = Debug|Any CPU
		{B0CCCA34-BEAA-4313-AC80-52662A8B857A}.Release|Any CPU.ActiveCfg = Release|Any CPU
		{B0CCCA34-BEAA-4313-AC80-52662A8B857A}.Release|Any CPU.Build.0 = Release|Any CPU
	EndGlobalSection
	GlobalSection(SolutionProperties) = preSolution
		HideSolutionNode = FALSE
	EndGlobalSection
	GlobalSection(ExtensibilityGlobals) = postSolution
		SolutionGuid = {B239C5DF-7D44-420D-BE6B-4C6C63656ED9}
	EndGlobalSection
EndGlobal
